
Microsoft Visual Studio Solution File, Format Version 12.00
# Visual Studio 15
VisualStudioVersion = 15.0.27130.2026
MinimumVisualStudioVersion = 10.0.40219.1
Project("{FAE04EC0-301F-11D3-BF4B-00C04F79EFBC}") = "Castle.Facilities.QuartzIntegration", "QuartzNetIntegration\Castle.Facilities.QuartzIntegration.csproj", "{F992563B-EB2D-454D-8503-3447610B4C06}"
EndProject
Project("{FAE04EC0-301F-11D3-BF4B-00C04F79EFBC}") = "Castle.Facilities.QuartzIntegration.Tests", "QuartzNetIntegration.Tests\Castle.Facilities.QuartzIntegration.Tests.csproj", "{1B503FE8-950A-40F8-A72F-6A4AEF2238E3}"
EndProject
Project("{FAE04EC0-301F-11D3-BF4B-00C04F79EFBC}") = "Castle.Facilities.QuartzIntegration.SampleApp", "SampleApp\Castle.Facilities.QuartzIntegration.SampleApp.csproj", "{25A00FEE-CDBB-4704-8D91-1BEEE9089A66}"
EndProject
Project("{2150E333-8FDC-42A3-9474-1A3956D46DE8}") = "SolutionItems", "SolutionItems", "{83615B8C-E19F-4621-8F06-C0498F7FC25F}"
	ProjectSection(SolutionItems) = preProject
		License.txt = License.txt
		Quartz.Windsor.nuspec = Quartz.Windsor.nuspec
		README.md = README.md
		release.bat = release.bat
	EndProjectSection
EndProject
Project("{2150E333-8FDC-42A3-9474-1A3956D46DE8}") = "Docs", "Docs", "{2A8EE5F1-4D36-4D2C-9935-23C32BE15F1E}"
	ProjectSection(SolutionItems) = preProject
		docs\configuration.md = docs\configuration.md
		docs\markdownlint.rb = docs\markdownlint.rb
		docs\vnext-plans.md = docs\vnext-plans.md
	EndProjectSection
EndProject
Global
	GlobalSection(SolutionConfigurationPlatforms) = preSolution
		Debug|Any CPU = Debug|Any CPU
		Release|Any CPU = Release|Any CPU
	EndGlobalSection
	GlobalSection(ProjectConfigurationPlatforms) = postSolution
		{F992563B-EB2D-454D-8503-3447610B4C06}.Debug|Any CPU.ActiveCfg = Debug|Any CPU
		{F992563B-EB2D-454D-8503-3447610B4C06}.Debug|Any CPU.Build.0 = Debug|Any CPU
		{F992563B-EB2D-454D-8503-3447610B4C06}.Release|Any CPU.ActiveCfg = Release|Any CPU
		{F992563B-EB2D-454D-8503-3447610B4C06}.Release|Any CPU.Build.0 = Release|Any CPU
		{1B503FE8-950A-40F8-A72F-6A4AEF2238E3}.Debug|Any CPU.ActiveCfg = Debug|Any CPU
		{1B503FE8-950A-40F8-A72F-6A4AEF2238E3}.Debug|Any CPU.Build.0 = Debug|Any CPU
		{1B503FE8-950A-40F8-A72F-6A4AEF2238E3}.Release|Any CPU.ActiveCfg = Release|Any CPU
		{1B503FE8-950A-40F8-A72F-6A4AEF2238E3}.Release|Any CPU.Build.0 = Release|Any CPU
		{25A00FEE-CDBB-4704-8D91-1BEEE9089A66}.Debug|Any CPU.ActiveCfg = Debug|Any CPU
		{25A00FEE-CDBB-4704-8D91-1BEEE9089A66}.Debug|Any CPU.Build.0 = Debug|Any CPU
		{25A00FEE-CDBB-4704-8D91-1BEEE9089A66}.Release|Any CPU.ActiveCfg = Release|Any CPU
		{25A00FEE-CDBB-4704-8D91-1BEEE9089A66}.Release|Any CPU.Build.0 = Release|Any CPU
	EndGlobalSection
	GlobalSection(SolutionProperties) = preSolution
		HideSolutionNode = FALSE
	EndGlobalSection
	GlobalSection(NestedProjects) = preSolution
		{2A8EE5F1-4D36-4D2C-9935-23C32BE15F1E} = {83615B8C-E19F-4621-8F06-C0498F7FC25F}
	EndGlobalSection
	GlobalSection(ExtensibilityGlobals) = postSolution
		SolutionGuid = {B88EBBD6-6C1E-4AE1-A1ED-7BCDC11ABCC8}
	EndGlobalSection
EndGlobal
